
Microsoft Visual Studio Solution File, Format Version 12.00
# Visual Studio 2013
VisualStudioVersion = 12.0.30723.0
MinimumVisualStudioVersion = 10.0.40219.1
Project("{FAE04EC0-301F-11D3-BF4B-00C04F79EFBC}") = "CalienteExpress", "CalienteExpress\CalienteExpress.csproj", "{7502C86F-5E47-4606-A512-EC3AEB688AE0}"
EndProject
Project("{D954291E-2A0B-460D-934E-DC6B0785DB48}") = "CafeCaliente.Shared", "CafeCaliente.Shared\CafeCaliente.Shared.shproj", "{E119136B-5FEB-4FA7-8165-69845ECE96BE}"
EndProject
Global
	GlobalSection(SharedMSBuildProjectFiles) = preSolution
		CafeCaliente.Shared\CafeCaliente.Shared.projitems*{7502c86f-5e47-4606-a512-ec3aeb688ae0}*SharedItemsImports = 4
		CafeCaliente.Shared\CafeCaliente.Shared.projitems*{e119136b-5feb-4fa7-8165-69845ece96be}*SharedItemsImports = 13
	EndGlobalSection
	GlobalSection(SolutionConfigurationPlatforms) = preSolution
		Ad-Hoc|iPhone = Ad-Hoc|iPhone
		Ad-Hoc|iPhoneSimulator = Ad-Hoc|iPhoneSimulator
		AppStore|iPhone = AppStore|iPhone
		AppStore|iPhoneSimulator = AppStore|iPhoneSimulator
		Debug|iPhone = Debug|iPhone
		Debug|iPhoneSimulator = Debug|iPhoneSimulator
		Release|iPhone = Release|iPhone
		Release|iPhoneSimulator = Release|iPhoneSimulator
	EndGlobalSection
	GlobalSection(ProjectConfigurationPlatforms) = postSolution
		{7502C86F-5E47-4606-A512-EC3AEB688AE0}.Ad-Hoc|iPhone.ActiveCfg = Ad-Hoc|iPhone
		{7502C86F-5E47-4606-A512-EC3AEB688AE0}.Ad-Hoc|iPhone.Build.0 = Ad-Hoc|iPhone
		{7502C86F-5E47-4606-A512-EC3AEB688AE0}.Ad-Hoc|iPhoneSimulator.ActiveCfg = Ad-Hoc|iPhoneSimulator
		{7502C86F-5E47-4606-A512-EC3AEB688AE0}.Ad-Hoc|iPhoneSimulator.Build.0 = Ad-Hoc|iPhoneSimulator
		{7502C86F-5E47-4606-A512-EC3AEB688AE0}.AppStore|iPhone.ActiveCfg = AppStore|iPhone
		{7502C86F-5E47-4606-A512-EC3AEB688AE0}.AppStore|iPhone.Build.0 = AppStore|iPhone
		{7502C86F-5E47-4606-A512-EC3AEB688AE0}.AppStore|iPhoneSimulator.ActiveCfg = AppStore|iPhoneSimulator
		{7502C86F-5E47-4606-A512-EC3AEB688AE0}.AppStore|iPhoneSimulator.Build.0 = AppStore|iPhoneSimulator
		{7502C86F-5E47-4606-A512-EC3AEB688AE0}.Debug|iPhone.ActiveCfg = Debug|iPhone
		{7502C86F-5E47-4606-A512-EC3AEB688AE0}.Debug|iPhone.Build.0 = Debug|iPhone
		{7502C86F-5E47-4606-A512-EC3AEB688AE0}.Debug|iPhoneSimulator.ActiveCfg = Debug|iPhoneSimulator
		{7502C86F-5E47-4606-A512-EC3AEB688AE0}.Debug|iPhoneSimulator.Build.0 = Debug|iPhoneSimulator
		{7502C86F-5E47-4606-A512-EC3AEB688AE0}.Release|iPhone.ActiveCfg = Release|iPhone
		{7502C86F-5E47-4606-A512-EC3AEB688AE0}.Release|iPhone.Build.0 = Release|iPhone
		{7502C86F-5E47-4606-A512-EC3AEB688AE0}.Release|iPhoneSimulator.ActiveCfg = Release|iPhoneSimulator
		{7502C86F-5E47-4606-A512-EC3AEB688AE0}.Release|iPhoneSimulator.Build.0 = Release|iPhoneSimulator
	EndGlobalSection
	GlobalSection(SolutionProperties) = preSolution
		HideSolutionNode = FALSE
	EndGlobalSection
EndGlobal
